// !$*UTF8*$!
{
	archiveVersion = 1;
	classes = {
	};
	objectVersion = 50;
	objects = {

/* Begin PBXBuildFile section */
		D450723B2294688E00685038 /* AppDelegate.swift in Sources */ = {isa = PBXBuildFile; fileRef = D450723A2294688E00685038 /* AppDelegate.swift */; };
		D450723D2294688E00685038 /* ViewController.swift in Sources */ = {isa = PBXBuildFile; fileRef = D450723C2294688E00685038 /* ViewController.swift */; };
		D45072402294688E00685038 /* Main.storyboard in Resources */ = {isa = PBXBuildFile; fileRef = D450723E2294688E00685038 /* Main.storyboard */; };
		D45072422294689100685038 /* Assets.xcassets in Resources */ = {isa = PBXBuildFile; fileRef = D45072412294689100685038 /* Assets.xcassets */; };
		D45072452294689100685038 /* LaunchScreen.storyboard in Resources */ = {isa = PBXBuildFile; fileRef = D45072432294689100685038 /* LaunchScreen.storyboard */; };
		D450724A2294689100685038 /* WeatherWatch WatchKit App.app in Embed Watch Content */ = {isa = PBXBuildFile; fileRef = D45072492294689100685038 /* WeatherWatch WatchKit App.app */; };
		D45072502294689100685038 /* Interface.storyboard in Resources */ = {isa = PBXBuildFile; fileRef = D450724E2294689100685038 /* Interface.storyboard */; };
		D45072522294689100685038 /* Assets.xcassets in Resources */ = {isa = PBXBuildFile; fileRef = D45072512294689100685038 /* Assets.xcassets */; };
		D45072592294689100685038 /* WeatherWatch WatchKit Extension.appex in Embed App Extensions */ = {isa = PBXBuildFile; fileRef = D45072582294689100685038 /* WeatherWatch WatchKit Extension.appex */; settings = {ATTRIBUTES = (RemoveHeadersOnCopy, ); }; };
		D450725E2294689200685038 /* InterfaceController.swift in Sources */ = {isa = PBXBuildFile; fileRef = D450725D2294689200685038 /* InterfaceController.swift */; };
		D45072602294689200685038 /* ExtensionDelegate.swift in Sources */ = {isa = PBXBuildFile; fileRef = D450725F2294689200685038 /* ExtensionDelegate.swift */; };
		D45072622294689200685038 /* NotificationController.swift in Sources */ = {isa = PBXBuildFile; fileRef = D45072612294689200685038 /* NotificationController.swift */; };
		D45072642294689200685038 /* Assets.xcassets in Resources */ = {isa = PBXBuildFile; fileRef = D45072632294689200685038 /* Assets.xcassets */; };
		D45072752294701D00685038 /* Weather.swift in Sources */ = {isa = PBXBuildFile; fileRef = D45072742294701D00685038 /* Weather.swift */; };
		D45072762294701D00685038 /* Weather.swift in Sources */ = {isa = PBXBuildFile; fileRef = D45072742294701D00685038 /* Weather.swift */; };
		D45072782294807800685038 /* APIRequest.swift in Sources */ = {isa = PBXBuildFile; fileRef = D45072772294807800685038 /* APIRequest.swift */; };
		D450727A2299AE9B00685038 /* AnimationExtension.swift in Sources */ = {isa = PBXBuildFile; fileRef = D45072792299AE9B00685038 /* AnimationExtension.swift */; };
		D48A4340229CFEEE00A3E9B3 /* WeatherInterfaceController.swift in Sources */ = {isa = PBXBuildFile; fileRef = D48A433F229CFEEE00A3E9B3 /* WeatherInterfaceController.swift */; };
		D4FA6CD92299FC2E005F8DB4 /* LoadedInterfaceController.swift in Sources */ = {isa = PBXBuildFile; fileRef = D4FA6CD82299FC2E005F8DB4 /* LoadedInterfaceController.swift */; };
/* End PBXBuildFile section */

/* Begin PBXContainerItemProxy section */
		D450724B2294689100685038 /* PBXContainerItemProxy */ = {
			isa = PBXContainerItemProxy;
			containerPortal = D450722F2294688E00685038 /* Project object */;
			proxyType = 1;
			remoteGlobalIDString = D45072482294689100685038;
			remoteInfo = "WeatherWatch WatchKit App";
		};
		D450725A2294689100685038 /* PBXContainerItemProxy */ = {
			isa = PBXContainerItemProxy;
			containerPortal = D450722F2294688E00685038 /* Project object */;
			proxyType = 1;
			remoteGlobalIDString = D45072572294689100685038;
			remoteInfo = "WeatherWatch WatchKit Extension";
		};
/* End PBXContainerItemProxy section */

/* Begin PBXCopyFilesBuildPhase section */
		D450726C2294689200685038 /* Embed App Extensions */ = {
			isa = PBXCopyFilesBuildPhase;
			buildActionMask = 2147483647;
			dstPath = "";
			dstSubfolderSpec = 13;
			files = (
				D45072592294689100685038 /* WeatherWatch WatchKit Extension.appex in Embed App Extensions */,
			);
			name = "Embed App Extensions";
			runOnlyForDeploymentPostprocessing = 0;
		};
		D45072702294689200685038 /* Embed Watch Content */ = {
			isa = PBXCopyFilesBuildPhase;
			buildActionMask = 2147483647;
			dstPath = "$(CONTENTS_FOLDER_PATH)/Watch";
			dstSubfolderSpec = 16;
			files = (
				D450724A2294689100685038 /* WeatherWatch WatchKit App.app in Embed Watch Content */,
			);
			name = "Embed Watch Content";
			runOnlyForDeploymentPostprocessing = 0;
		};
/* End PBXCopyFilesBuildPhase section */

/* Begin PBXFileReference section */
		D45072372294688E00685038 /* WeatherWatch.app */ = {isa = PBXFileReference; explicitFileType = wrapper.application; includeInIndex = 0; path = WeatherWatch.app; sourceTree = BUILT_PRODUCTS_DIR; };
		D450723A2294688E00685038 /* AppDelegate.swift */ = {isa = PBXFileReference; lastKnownFileType = sourcecode.swift; path = AppDelegate.swift; sourceTree = "<group>"; };
		D450723C2294688E00685038 /* ViewController.swift */ = {isa = PBXFileReference; lastKnownFileType = sourcecode.swift; path = ViewController.swift; sourceTree = "<group>"; };
		D450723F2294688E00685038 /* Base */ = {isa = PBXFileReference; lastKnownFileType = file.storyboard; name = Base; path = Base.lproj/Main.storyboard; sourceTree = "<group>"; };
		D45072412294689100685038 /* Assets.xcassets */ = {isa = PBXFileReference; lastKnownFileType = folder.assetcatalog; path = Assets.xcassets; sourceTree = "<group>"; };
		D45072442294689100685038 /* Base */ = {isa = PBXFileReference; lastKnownFileType = file.storyboard; name = Base; path = Base.lproj/LaunchScreen.storyboard; sourceTree = "<group>"; };
		D45072462294689100685038 /* Info.plist */ = {isa = PBXFileReference; lastKnownFileType = text.plist.xml; path = Info.plist; sourceTree = "<group>"; };
		D45072492294689100685038 /* WeatherWatch WatchKit App.app */ = {isa = PBXFileReference; explicitFileType = wrapper.application; includeInIndex = 0; path = "WeatherWatch WatchKit App.app"; sourceTree = BUILT_PRODUCTS_DIR; };
		D450724F2294689100685038 /* Base */ = {isa = PBXFileReference; lastKnownFileType = file.storyboard; name = Base; path = Base.lproj/Interface.storyboard; sourceTree = "<group>"; };
		D45072512294689100685038 /* Assets.xcassets */ = {isa = PBXFileReference; lastKnownFileType = folder.assetcatalog; path = Assets.xcassets; sourceTree = "<group>"; };
		D45072532294689100685038 /* Info.plist */ = {isa = PBXFileReference; lastKnownFileType = text.plist.xml; path = Info.plist; sourceTree = "<group>"; };
		D45072582294689100685038 /* WeatherWatch WatchKit Extension.appex */ = {isa = PBXFileReference; explicitFileType = "wrapper.app-extension"; includeInIndex = 0; path = "WeatherWatch WatchKit Extension.appex"; sourceTree = BUILT_PRODUCTS_DIR; };
		D450725D2294689200685038 /* InterfaceController.swift */ = {isa = PBXFileReference; lastKnownFileType = sourcecode.swift; path = InterfaceController.swift; sourceTree = "<group>"; };
		D450725F2294689200685038 /* ExtensionDelegate.swift */ = {isa = PBXFileReference; lastKnownFileType = sourcecode.swift; path = ExtensionDelegate.swift; sourceTree = "<group>"; };
		D45072612294689200685038 /* NotificationController.swift */ = {isa = PBXFileReference; lastKnownFileType = sourcecode.swift; path = NotificationController.swift; sourceTree = "<group>"; };
		D45072632294689200685038 /* Assets.xcassets */ = {isa = PBXFileReference; lastKnownFileType = folder.assetcatalog; path = Assets.xcassets; sourceTree = "<group>"; };
		D45072652294689200685038 /* Info.plist */ = {isa = PBXFileReference; lastKnownFileType = text.plist.xml; path = Info.plist; sourceTree = "<group>"; };
		D45072662294689200685038 /* PushNotificationPayload.apns */ = {isa = PBXFileReference; lastKnownFileType = text; path = PushNotificationPayload.apns; sourceTree = "<group>"; };
		D45072742294701D00685038 /* Weather.swift */ = {isa = PBXFileReference; lastKnownFileType = sourcecode.swift; path = Weather.swift; sourceTree = "<group>"; };
		D45072772294807800685038 /* APIRequest.swift */ = {isa = PBXFileReference; lastKnownFileType = sourcecode.swift; path = APIRequest.swift; sourceTree = "<group>"; };
		D45072792299AE9B00685038 /* AnimationExtension.swift */ = {isa = PBXFileReference; lastKnownFileType = sourcecode.swift; path = AnimationExtension.swift; sourceTree = "<group>"; };
		D48A433F229CFEEE00A3E9B3 /* WeatherInterfaceController.swift */ = {isa = PBXFileReference; lastKnownFileType = sourcecode.swift; path = WeatherInterfaceController.swift; sourceTree = "<group>"; };
		D4FA6CD82299FC2E005F8DB4 /* LoadedInterfaceController.swift */ = {isa = PBXFileReference; lastKnownFileType = sourcecode.swift; path = LoadedInterfaceController.swift; sourceTree = "<group>"; };
/* End PBXFileReference section */

/* Begin PBXFrameworksBuildPhase section */
		D45072342294688E00685038 /* Frameworks */ = {
			isa = PBXFrameworksBuildPhase;
			buildActionMask = 2147483647;
			files = (
			);
			runOnlyForDeploymentPostprocessing = 0;
		};
		D45072552294689100685038 /* Frameworks */ = {
			isa = PBXFrameworksBuildPhase;
			buildActionMask = 2147483647;
			files = (
			);
			runOnlyForDeploymentPostprocessing = 0;
		};
/* End PBXFrameworksBuildPhase section */

/* Begin PBXGroup section */
		D450722E2294688E00685038 = {
			isa = PBXGroup;
			children = (
				D45072392294688E00685038 /* WeatherWatch */,
				D450724D2294689100685038 /* WeatherWatch WatchKit App */,
				D450725C2294689100685038 /* WeatherWatch WatchKit Extension */,
				D45072382294688E00685038 /* Products */,
			);
			sourceTree = "<group>";
		};
		D45072382294688E00685038 /* Products */ = {
			isa = PBXGroup;
			children = (
				D45072372294688E00685038 /* WeatherWatch.app */,
				D45072492294689100685038 /* WeatherWatch WatchKit App.app */,
				D45072582294689100685038 /* WeatherWatch WatchKit Extension.appex */,
			);
			name = Products;
			sourceTree = "<group>";
		};
		D45072392294688E00685038 /* WeatherWatch */ = {
			isa = PBXGroup;
			children = (
				D450723A2294688E00685038 /* AppDelegate.swift */,
				D450723C2294688E00685038 /* ViewController.swift */,
				D450723E2294688E00685038 /* Main.storyboard */,
				D45072412294689100685038 /* Assets.xcassets */,
				D45072432294689100685038 /* LaunchScreen.storyboard */,
				D45072462294689100685038 /* Info.plist */,
				D45072742294701D00685038 /* Weather.swift */,
				D45072772294807800685038 /* APIRequest.swift */,
			);
			path = WeatherWatch;
			sourceTree = "<group>";
		};
		D450724D2294689100685038 /* WeatherWatch WatchKit App */ = {
			isa = PBXGroup;
			children = (
				D450724E2294689100685038 /* Interface.storyboard */,
				D45072512294689100685038 /* Assets.xcassets */,
				D45072532294689100685038 /* Info.plist */,
			);
			path = "WeatherWatch WatchKit App";
			sourceTree = "<group>";
		};
		D450725C2294689100685038 /* WeatherWatch WatchKit Extension */ = {
			isa = PBXGroup;
			children = (
				D450725D2294689200685038 /* InterfaceController.swift */,
				D450725F2294689200685038 /* ExtensionDelegate.swift */,
				D45072612294689200685038 /* NotificationController.swift */,
				D45072632294689200685038 /* Assets.xcassets */,
				D45072652294689200685038 /* Info.plist */,
				D45072662294689200685038 /* PushNotificationPayload.apns */,
				D45072792299AE9B00685038 /* AnimationExtension.swift */,
				D4FA6CD82299FC2E005F8DB4 /* LoadedInterfaceController.swift */,
				D48A433F229CFEEE00A3E9B3 /* WeatherInterfaceController.swift */,
			);
			path = "WeatherWatch WatchKit Extension";
			sourceTree = "<group>";
		};
/* End PBXGroup section */

/* Begin PBXNativeTarget section */
		D45072362294688E00685038 /* WeatherWatch */ = {
			isa = PBXNativeTarget;
			buildConfigurationList = D45072712294689200685038 /* Build configuration list for PBXNativeTarget "WeatherWatch" */;
			buildPhases = (
				D45072332294688E00685038 /* Sources */,
				D45072342294688E00685038 /* Frameworks */,
				D45072352294688E00685038 /* Resources */,
				D45072702294689200685038 /* Embed Watch Content */,
			);
			buildRules = (
			);
			dependencies = (
				D450724C2294689100685038 /* PBXTargetDependency */,
			);
			name = WeatherWatch;
			productName = WeatherWatch;
			productReference = D45072372294688E00685038 /* WeatherWatch.app */;
			productType = "com.apple.product-type.application";
		};
		D45072482294689100685038 /* WeatherWatch WatchKit App */ = {
			isa = PBXNativeTarget;
			buildConfigurationList = D450726D2294689200685038 /* Build configuration list for PBXNativeTarget "WeatherWatch WatchKit App" */;
			buildPhases = (
				D45072472294689100685038 /* Resources */,
				D450726C2294689200685038 /* Embed App Extensions */,
			);
			buildRules = (
			);
			dependencies = (
				D450725B2294689100685038 /* PBXTargetDependency */,
			);
			name = "WeatherWatch WatchKit App";
			productName = "WeatherWatch WatchKit App";
			productReference = D45072492294689100685038 /* WeatherWatch WatchKit App.app */;
			productType = "com.apple.product-type.application.watchapp2";
		};
		D45072572294689100685038 /* WeatherWatch WatchKit Extension */ = {
			isa = PBXNativeTarget;
			buildConfigurationList = D45072692294689200685038 /* Build configuration list for PBXNativeTarget "WeatherWatch WatchKit Extension" */;
			buildPhases = (
				D45072542294689100685038 /* Sources */,
				D45072552294689100685038 /* Frameworks */,
				D45072562294689100685038 /* Resources */,
			);
			buildRules = (
			);
			dependencies = (
			);
			name = "WeatherWatch WatchKit Extension";
			productName = "WeatherWatch WatchKit Extension";
			productReference = D45072582294689100685038 /* WeatherWatch WatchKit Extension.appex */;
			productType = "com.apple.product-type.watchkit2-extension";
		};
/* End PBXNativeTarget section */

/* Begin PBXProject section */
		D450722F2294688E00685038 /* Project object */ = {
			isa = PBXProject;
			attributes = {
				LastSwiftUpdateCheck = 1010;
				LastUpgradeCheck = 1010;
				ORGANIZATIONNAME = "Joseph Storer";
				TargetAttributes = {
					D45072362294688E00685038 = {
						CreatedOnToolsVersion = 10.1;
					};
					D45072482294689100685038 = {
						CreatedOnToolsVersion = 10.1;
					};
					D45072572294689100685038 = {
						CreatedOnToolsVersion = 10.1;
					};
				};
			};
			buildConfigurationList = D45072322294688E00685038 /* Build configuration list for PBXProject "WeatherWatch" */;
			compatibilityVersion = "Xcode 9.3";
			developmentRegion = en;
			hasScannedForEncodings = 0;
			knownRegions = (
				en,
				Base,
			);
			mainGroup = D450722E2294688E00685038;
			productRefGroup = D45072382294688E00685038 /* Products */;
			projectDirPath = "";
			projectRoot = "";
			targets = (
				D45072362294688E00685038 /* WeatherWatch */,
				D45072482294689100685038 /* WeatherWatch WatchKit App */,
				D45072572294689100685038 /* WeatherWatch WatchKit Extension */,
			);
		};
/* End PBXProject section */

/* Begin PBXResourcesBuildPhase section */
		D45072352294688E00685038 /* Resources */ = {
			isa = PBXResourcesBuildPhase;
			buildActionMask = 2147483647;
			files = (
				D45072452294689100685038 /* LaunchScreen.storyboard in Resources */,
				D45072422294689100685038 /* Assets.xcassets in Resources */,
				D45072402294688E00685038 /* Main.storyboard in Resources */,
			);
			runOnlyForDeploymentPostprocessing = 0;
		};
		D45072472294689100685038 /* Resources */ = {
			isa = PBXResourcesBuildPhase;
			buildActionMask = 2147483647;
			files = (
				D45072522294689100685038 /* Assets.xcassets in Resources */,
				D45072502294689100685038 /* Interface.storyboard in Resources */,
			);
			runOnlyForDeploymentPostprocessing = 0;
		};
		D45072562294689100685038 /* Resources */ = {
			isa = PBXResourcesBuildPhase;
			buildActionMask = 2147483647;
			files = (
				D45072642294689200685038 /* Assets.xcassets in Resources */,
			);
			runOnlyForDeploymentPostprocessing = 0;
		};
/* End PBXResourcesBuildPhase section */

/* Begin PBXSourcesBuildPhase section */
		D45072332294688E00685038 /* Sources */ = {
			isa = PBXSourcesBuildPhase;
			buildActionMask = 2147483647;
			files = (
				D450723D2294688E00685038 /* ViewController.swift in Sources */,
				D45072752294701D00685038 /* Weather.swift in Sources */,
				D45072782294807800685038 /* APIRequest.swift in Sources */,
				D450723B2294688E00685038 /* AppDelegate.swift in Sources */,
			);
			runOnlyForDeploymentPostprocessing = 0;
		};
		D45072542294689100685038 /* Sources */ = {
			isa = PBXSourcesBuildPhase;
			buildActionMask = 2147483647;
			files = (
				D45072762294701D00685038 /* Weather.swift in Sources */,
				D45072622294689200685038 /* NotificationController.swift in Sources */,
				D4FA6CD92299FC2E005F8DB4 /* LoadedInterfaceController.swift in Sources */,
				D48A4340229CFEEE00A3E9B3 /* WeatherInterfaceController.swift in Sources */,
				D450727A2299AE9B00685038 /* AnimationExtension.swift in Sources */,
				D45072602294689200685038 /* ExtensionDelegate.swift in Sources */,
				D450725E2294689200685038 /* InterfaceController.swift in Sources */,
			);
			runOnlyForDeploymentPostprocessing = 0;
		};
/* End PBXSourcesBuildPhase section */

/* Begin PBXTargetDependency section */
		D450724C2294689100685038 /* PBXTargetDependency */ = {
			isa = PBXTargetDependency;
			target = D45072482294689100685038 /* WeatherWatch WatchKit App */;
			targetProxy = D450724B2294689100685038 /* PBXContainerItemProxy */;
		};
		D450725B2294689100685038 /* PBXTargetDependency */ = {
			isa = PBXTargetDependency;
			target = D45072572294689100685038 /* WeatherWatch WatchKit Extension */;
			targetProxy = D450725A2294689100685038 /* PBXContainerItemProxy */;
		};
/* End PBXTargetDependency section */

/* Begin PBXVariantGroup section */
		D450723E2294688E00685038 /* Main.storyboard */ = {
			isa = PBXVariantGroup;
			children = (
				D450723F2294688E00685038 /* Base */,
			);
			name = Main.storyboard;
			sourceTree = "<group>";
		};
		D45072432294689100685038 /* LaunchScreen.storyboard */ = {
			isa = PBXVariantGroup;
			children = (
				D45072442294689100685038 /* Base */,
			);
			name = LaunchScreen.storyboard;
			sourceTree = "<group>";
		};
		D450724E2294689100685038 /* Interface.storyboard */ = {
			isa = PBXVariantGroup;
			children = (
				D450724F2294689100685038 /* Base */,
			);
			name = Interface.storyboard;
			sourceTree = "<group>";
		};
/* End PBXVariantGroup section */

/* Begin XCBuildConfiguration section */
		D45072672294689200685038 /* Debug */ = {
			isa = XCBuildConfiguration;
			buildSettings = {
				ALWAYS_SEARCH_USER_PATHS = NO;
				CLANG_ANALYZER_NONNULL = YES;
				CLANG_ANALYZER_NUMBER_OBJECT_CONVERSION = YES_AGGRESSIVE;
				CLANG_CXX_LANGUAGE_STANDARD = "gnu++14";
				CLANG_CXX_LIBRARY = "libc++";
				CLANG_ENABLE_MODULES = YES;
				CLANG_ENABLE_OBJC_ARC = YES;
				CLANG_ENABLE_OBJC_WEAK = YES;
				CLANG_WARN_BLOCK_CAPTURE_AUTORELEASING = YES;
				CLANG_WARN_BOOL_CONVERSION = YES;
				CLANG_WARN_COMMA = YES;
				CLANG_WARN_CONSTANT_CONVERSION = YES;
				CLANG_WARN_DEPRECATED_OBJC_IMPLEMENTATIONS = YES;
				CLANG_WARN_DIRECT_OBJC_ISA_USAGE = YES_ERROR;
				CLANG_WARN_DOCUMENTATION_COMMENTS = YES;
				CLANG_WARN_EMPTY_BODY = YES;
				CLANG_WARN_ENUM_CONVERSION = YES;
				CLANG_WARN_INFINITE_RECURSION = YES;
				CLANG_WARN_INT_CONVERSION = YES;
				CLANG_WARN_NON_LITERAL_NULL_CONVERSION = YES;
				CLANG_WARN_OBJC_IMPLICIT_RETAIN_SELF = YES;
				CLANG_WARN_OBJC_LITERAL_CONVERSION = YES;
				CLANG_WARN_OBJC_ROOT_CLASS = YES_ERROR;
				CLANG_WARN_RANGE_LOOP_ANALYSIS = YES;
				CLANG_WARN_STRICT_PROTOTYPES = YES;
				CLANG_WARN_SUSPICIOUS_MOVE = YES;
				CLANG_WARN_UNGUARDED_AVAILABILITY = YES_AGGRESSIVE;
				CLANG_WARN_UNREACHABLE_CODE = YES;
				CLANG_WARN__DUPLICATE_METHOD_MATCH = YES;
				CODE_SIGN_IDENTITY = "iPhone Developer";
				COPY_PHASE_STRIP = NO;
				DEBUG_INFORMATION_FORMAT = dwarf;
				ENABLE_STRICT_OBJC_MSGSEND = YES;
				ENABLE_TESTABILITY = YES;
				GCC_C_LANGUAGE_STANDARD = gnu11;
				GCC_DYNAMIC_NO_PIC = NO;
				GCC_NO_COMMON_BLOCKS = YES;
				GCC_OPTIMIZATION_LEVEL = 0;
				GCC_PREPROCESSOR_DEFINITIONS = (
					"DEBUG=1",
					"$(inherited)",
				);
				GCC_WARN_64_TO_32_BIT_CONVERSION = YES;
				GCC_WARN_ABOUT_RETURN_TYPE = YES_ERROR;
				GCC_WARN_UNDECLARED_SELECTOR = YES;
				GCC_WARN_UNINITIALIZED_AUTOS = YES_AGGRESSIVE;
				GCC_WARN_UNUSED_FUNCTION = YES;
				GCC_WARN_UNUSED_VARIABLE = YES;
				IPHONEOS_DEPLOYMENT_TARGET = 12.1;
				MTL_ENABLE_DEBUG_INFO = INCLUDE_SOURCE;
				MTL_FAST_MATH = YES;
				ONLY_ACTIVE_ARCH = YES;
				SDKROOT = iphoneos;
				SWIFT_ACTIVE_COMPILATION_CONDITIONS = DEBUG;
				SWIFT_OPTIMIZATION_LEVEL = "-Onone";
			};
			name = Debug;
		};
		D45072682294689200685038 /* Release */ = {
			isa = XCBuildConfiguration;
			buildSettings = {
				ALWAYS_SEARCH_USER_PATHS = NO;
				CLANG_ANALYZER_NONNULL = YES;
				CLANG_ANALYZER_NUMBER_OBJECT_CONVERSION = YES_AGGRESSIVE;
				CLANG_CXX_LANGUAGE_STANDARD = "gnu++14";
				CLANG_CXX_LIBRARY = "libc++";
				CLANG_ENABLE_MODULES = YES;
				CLANG_ENABLE_OBJC_ARC = YES;
				CLANG_ENABLE_OBJC_WEAK = YES;
				CLANG_WARN_BLOCK_CAPTURE_AUTORELEASING = YES;
				CLANG_WARN_BOOL_CONVERSION = YES;
				CLANG_WARN_COMMA = YES;
				CLANG_WARN_CONSTANT_CONVERSION = YES;
				CLANG_WARN_DEPRECATED_OBJC_IMPLEMENTATIONS = YES;
				CLANG_WARN_DIRECT_OBJC_ISA_USAGE = YES_ERROR;
				CLANG_WARN_DOCUMENTATION_COMMENTS = YES;
				CLANG_WARN_EMPTY_BODY = YES;
				CLANG_WARN_ENUM_CONVERSION = YES;
				CLANG_WARN_INFINITE_RECURSION = YES;
				CLANG_WARN_INT_CONVERSION = YES;
				CLANG_WARN_NON_LITERAL_NULL_CONVERSION = YES;
				CLANG_WARN_OBJC_IMPLICIT_RETAIN_SELF = YES;
				CLANG_WARN_OBJC_LITERAL_CONVERSION = YES;
				CLANG_WARN_OBJC_ROOT_CLASS = YES_ERROR;
				CLANG_WARN_RANGE_LOOP_ANALYSIS = YES;
				CLANG_WARN_STRICT_PROTOTYPES = YES;
				CLANG_WARN_SUSPICIOUS_MOVE = YES;
				CLANG_WARN_UNGUARDED_AVAILABILITY = YES_AGGRESSIVE;
				CLANG_WARN_UNREACHABLE_CODE = YES;
				CLANG_WARN__DUPLICATE_METHOD_MATCH = YES;
				CODE_SIGN_IDENTITY = "iPhone Developer";
				COPY_PHASE_STRIP = NO;
				DEBUG_INFORMATION_FORMAT = "dwarf-with-dsym";
				ENABLE_NS_ASSERTIONS = NO;
				ENABLE_STRICT_OBJC_MSGSEND = YES;
				GCC_C_LANGUAGE_STANDARD = gnu11;
				GCC_NO_COMMON_BLOCKS = YES;
				GCC_WARN_64_TO_32_BIT_CONVERSION = YES;
				GCC_WARN_ABOUT_RETURN_TYPE = YES_ERROR;
				GCC_WARN_UNDECLARED_SELECTOR = YES;
				GCC_WARN_UNINITIALIZED_AUTOS = YES_AGGRESSIVE;
				GCC_WARN_UNUSED_FUNCTION = YES;
				GCC_WARN_UNUSED_VARIABLE = YES;
				IPHONEOS_DEPLOYMENT_TARGET = 12.1;
				MTL_ENABLE_DEBUG_INFO = NO;
				MTL_FAST_MATH = YES;
				SDKROOT = iphoneos;
				SWIFT_COMPILATION_MODE = wholemodule;
				SWIFT_OPTIMIZATION_LEVEL = "-O";
				VALIDATE_PRODUCT = YES;
			};
			name = Release;
		};
		D450726A2294689200685038 /* Debug */ = {
			isa = XCBuildConfiguration;
			buildSettings = {
				ASSETCATALOG_COMPILER_COMPLICATION_NAME = Complication;
				CODE_SIGN_STYLE = Automatic;
				DEVELOPMENT_TEAM = X944552K84;
				INFOPLIST_FILE = "WeatherWatch WatchKit Extension/Info.plist";
				LD_RUNPATH_SEARCH_PATHS = (
					"$(inherited)",
					"@executable_path/Frameworks",
					"@executable_path/../../Frameworks",
				);
				PRODUCT_BUNDLE_IDENTIFIER = org.storerjf.WeatherWatch.watchkitapp.watchkitextension;
				PRODUCT_NAME = "${TARGET_NAME}";
				SDKROOT = watchos;
				SKIP_INSTALL = YES;
				SWIFT_VERSION = 4.2;
				TARGETED_DEVICE_FAMILY = 4;
				WATCHOS_DEPLOYMENT_TARGET = 5.1;
			};
			name = Debug;
		};
		D450726B2294689200685038 /* Release */ = {
			isa = XCBuildConfiguration;
			buildSettings = {
				ASSETCATALOG_COMPILER_COMPLICATION_NAME = Complication;
				CODE_SIGN_STYLE = Automatic;
				DEVELOPMENT_TEAM = X944552K84;
				INFOPLIST_FILE = "WeatherWatch WatchKit Extension/Info.plist";
				LD_RUNPATH_SEARCH_PATHS = (
					"$(inherited)",
					"@executable_path/Frameworks",
					"@executable_path/../../Frameworks",
				);
				PRODUCT_BUNDLE_IDENTIFIER = org.storerjf.WeatherWatch.watchkitapp.watchkitextension;
				PRODUCT_NAME = "${TARGET_NAME}";
				SDKROOT = watchos;
				SKIP_INSTALL = YES;
				SWIFT_VERSION = 4.2;
				TARGETED_DEVICE_FAMILY = 4;
				WATCHOS_DEPLOYMENT_TARGET = 5.1;
			};
			name = Release;
		};
		D450726E2294689200685038 /* Debug */ = {
			isa = XCBuildConfiguration;
			buildSettings = {
				ALWAYS_EMBED_SWIFT_STANDARD_LIBRARIES = YES;
				ASSETCATALOG_COMPILER_APPICON_NAME = AppIcon;
				CODE_SIGN_STYLE = Automatic;
				DEVELOPMENT_TEAM = X944552K84;
				IBSC_MODULE = WeatherWatch_WatchKit_Extension;
				INFOPLIST_FILE = "WeatherWatch WatchKit App/Info.plist";
				PRODUCT_BUNDLE_IDENTIFIER = org.storerjf.WeatherWatch.watchkitapp;
				PRODUCT_NAME = "$(TARGET_NAME)";
				SDKROOT = watchos;
				SKIP_INSTALL = YES;
				SWIFT_VERSION = 4.2;
				TARGETED_DEVICE_FAMILY = 4;
				WATCHOS_DEPLOYMENT_TARGET = 5.1;
			};
			name = Debug;
		};
		D450726F2294689200685038 /* Release */ = {
			isa = XCBuildConfiguration;
			buildSettings = {
				ALWAYS_EMBED_SWIFT_STANDARD_LIBRARIES = YES;
				ASSETCATALOG_COMPILER_APPICON_NAME = AppIcon;
				CODE_SIGN_STYLE = Automatic;
				DEVELOPMENT_TEAM = X944552K84;
				IBSC_MODULE = WeatherWatch_WatchKit_Extension;
				INFOPLIST_FILE = "WeatherWatch WatchKit App/Info.plist";
				PRODUCT_BUNDLE_IDENTIFIER = org.storerjf.WeatherWatch.watchkitapp;
				PRODUCT_NAME = "$(TARGET_NAME)";
				SDKROOT = watchos;
				SKIP_INSTALL = YES;
				SWIFT_VERSION = 4.2;
				TARGETED_DEVICE_FAMILY = 4;
				WATCHOS_DEPLOYMENT_TARGET = 5.1;
			};
			name = Release;
		};
		D45072722294689200685038 /* Debug */ = {
			isa = XCBuildConfiguration;
			buildSettings = {
				ASSETCATALOG_COMPILER_APPICON_NAME = AppIcon;
				CODE_SIGN_STYLE = Automatic;
				DEVELOPMENT_TEAM = X944552K84;
				INFOPLIST_FILE = WeatherWatch/Info.plist;
				LD_RUNPATH_SEARCH_PATHS = (
					"$(inherited)",
					"@executable_path/Frameworks",
				);
				PRODUCT_BUNDLE_IDENTIFIER = org.storerjf.WeatherWatch;
				PRODUCT_NAME = "$(TARGET_NAME)";
				SWIFT_VERSION = 4.2;
				TARGETED_DEVICE_FAMILY = "1,2";
			};
			name = Debug;
		};
		D45072732294689200685038 /* Release */ = {
			isa = XCBuildConfiguration;
			buildSettings = {
				ASSETCATALOG_COMPILER_APPICON_NAME = AppIcon;
				CODE_SIGN_STYLE = Automatic;
				DEVELOPMENT_TEAM = X944552K84;
				INFOPLIST_FILE = WeatherWatch/Info.plist;
				LD_RUNPATH_SEARCH_PATHS = (
					"$(inherited)",
					"@executable_path/Frameworks",
				);
				PRODUCT_BUNDLE_IDENTIFIER = org.storerjf.WeatherWatch;
				PRODUCT_NAME = "$(TARGET_NAME)";
				SWIFT_VERSION = 4.2;
				TARGETED_DEVICE_FAMILY = "1,2";
			};
			name = Release;
		};
/* End XCBuildConfiguration section */

/* Begin XCConfigurationList section */
		D45072322294688E00685038 /* Build configuration list for PBXProject "WeatherWatch" */ = {
			isa = XCConfigurationList;
			buildConfigurations = (
				D45072672294689200685038 /* Debug */,
				D45072682294689200685038 /* Release */,
			);
			defaultConfigurationIsVisible = 0;
			defaultConfigurationName = Release;
		};
		D45072692294689200685038 /* Build configuration list for PBXNativeTarget "WeatherWatch WatchKit Extension" */ = {
			isa = XCConfigurationList;
			buildConfigurations = (
				D450726A2294689200685038 /* Debug */,
				D450726B2294689200685038 /* Release */,
			);
			defaultConfigurationIsVisible = 0;
			defaultConfigurationName = Release;
		};
		D450726D2294689200685038 /* Build configuration list for PBXNativeTarget "WeatherWatch WatchKit App" */ = {
			isa = XCConfigurationList;
			buildConfigurations = (
				D450726E2294689200685038 /* Debug */,
				D450726F2294689200685038 /* Release */,
			);
			defaultConfigurationIsVisible = 0;
			defaultConfigurationName = Release;
		};
		D45072712294689200685038 /* Build configuration list for PBXNativeTarget "WeatherWatch" */ = {
			isa = XCConfigurationList;
			buildConfigurations = (
				D45072722294689200685038 /* Debug */,
				D45072732294689200685038 /* Release */,
			);
			defaultConfigurationIsVisible = 0;
			defaultConfigurationName = Release;
		};
/* End XCConfigurationList section */
	};
	rootObject = D450722F2294688E00685038 /* Project object */;
}
